
Microsoft Visual Studio Solution File, Format Version 12.00
# Visual Studio Version 16
VisualStudioVersion = 16.0.29403.142
MinimumVisualStudioVersion = 10.0.40219.1
Project("{9A19103F-16F7-4668-BE54-9A1E7A4F7556}") = "ShopDAW.WebAPI", "ShopDAW\ShopDAW.WebAPI.csproj", "{3734FF9F-E33E-4165-B330-42701D38A07F}"
EndProject
Project("{9A19103F-16F7-4668-BE54-9A1E7A4F7556}") = "ShopDAW.Domain", "ShopDAW.Domain\ShopDAW.Domain.csproj", "{0B334BF5-A874-4772-8697-43709B6EEC77}"
EndProject
Project("{9A19103F-16F7-4668-BE54-9A1E7A4F7556}") = "ShopDAW.Domain.EntityFramework", "ShopDAW.Domain.EntityFramawork\ShopDAW.Domain.EntityFramework.csproj", "{BCB1BAC6-AACD-4274-88EE-55CF3D8E16C2}"
EndProject
Project("{9A19103F-16F7-4668-BE54-9A1E7A4F7556}") = "ShopDAW.Services", "ShopDAW.Services\ShopDAW.Services.csproj", "{C6F8C159-89A2-4A71-B93B-29ED340673CB}"
EndProject
Global
	GlobalSection(SolutionConfigurationPlatforms) = preSolution
		Debug|Any CPU = Debug|Any CPU
		Release|Any CPU = Release|Any CPU
	EndGlobalSection
	GlobalSection(ProjectConfigurationPlatforms) = postSolution
		{3734FF9F-E33E-4165-B330-42701D38A07F}.Debug|Any CPU.ActiveCfg = Debug|Any CPU
		{3734FF9F-E33E-4165-B330-42701D38A07F}.Debug|Any CPU.Build.0 = Debug|Any CPU
		{3734FF9F-E33E-4165-B330-42701D38A07F}.Release|Any CPU.ActiveCfg = Release|Any CPU
		{3734FF9F-E33E-4165-B330-42701D38A07F}.Release|Any CPU.Build.0 = Release|Any CPU
		{0B334BF5-A874-4772-8697-43709B6EEC77}.Debug|Any CPU.ActiveCfg = Debug|Any CPU
		{0B334BF5-A874-4772-8697-43709B6EEC77}.Debug|Any CPU.Build.0 = Debug|Any CPU
		{0B334BF5-A874-4772-8697-43709B6EEC77}.Release|Any CPU.ActiveCfg = Release|Any CPU
		{0B334BF5-A874-4772-8697-43709B6EEC77}.Release|Any CPU.Build.0 = Release|Any CPU
		{BCB1BAC6-AACD-4274-88EE-55CF3D8E16C2}.Debug|Any CPU.ActiveCfg = Debug|Any CPU
		{BCB1BAC6-AACD-4274-88EE-55CF3D8E16C2}.Debug|Any CPU.Build.0 = Debug|Any CPU
		{BCB1BAC6-AACD-4274-88EE-55CF3D8E16C2}.Release|Any CPU.ActiveCfg = Release|Any CPU
		{BCB1BAC6-AACD-4274-88EE-55CF3D8E16C2}.Release|Any CPU.Build.0 = Release|Any CPU
		{C6F8C159-89A2-4A71-B93B-29ED340673CB}.Debug|Any CPU.ActiveCfg = Debug|Any CPU
		{C6F8C159-89A2-4A71-B93B-29ED340673CB}.Debug|Any CPU.Build.0 = Debug|Any CPU
		{C6F8C159-89A2-4A71-B93B-29ED340673CB}.Release|Any CPU.ActiveCfg = Release|Any CPU
		{C6F8C159-89A2-4A71-B93B-29ED340673CB}.Release|Any CPU.Build.0 = Release|Any CPU
	EndGlobalSection
	GlobalSection(SolutionProperties) = preSolution
		HideSolutionNode = FALSE
	EndGlobalSection
	GlobalSection(ExtensibilityGlobals) = postSolution
		SolutionGuid = {212C3082-8DAB-43AA-A2D6-E3136CCF4313}
	EndGlobalSection
EndGlobal
